
Microsoft Visual Studio Solution File, Format Version 12.00
# Visual Studio Version 17
VisualStudioVersion = 17.13.35825.156 d17.13
MinimumVisualStudioVersion = 10.0.40219.1
Project("{FAE04EC0-301F-11D3-BF4B-00C04F79EFBC}") = "WebApp1", "WebApp1\WebApp1.csproj", "{B8CAF884-9CBA-48B2-93E9-B8AE60FA1F57}"
EndProject
Global
	GlobalSection(SolutionConfigurationPlatforms) = preSolution
		Debug|Any CPU = Debug|Any CPU
		Release|Any CPU = Release|Any CPU
	EndGlobalSection
	GlobalSection(ProjectConfigurationPlatforms) = postSolution
		{B8CAF884-9CBA-48B2-93E9-B8AE60FA1F57}.Debug|Any CPU.ActiveCfg = Debug|Any CPU
		{B8CAF884-9CBA-48B2-93E9-B8AE60FA1F57}.Debug|Any CPU.Build.0 = Debug|Any CPU
		{B8CAF884-9CBA-48B2-93E9-B8AE60FA1F57}.Release|Any CPU.ActiveCfg = Release|Any CPU
		{B8CAF884-9CBA-48B2-93E9-B8AE60FA1F57}.Release|Any CPU.Build.0 = Release|Any CPU
	EndGlobalSection
	GlobalSection(SolutionProperties) = preSolution
		HideSolutionNode = FALSE
	EndGlobalSection
	GlobalSection(ExtensibilityGlobals) = postSolution
		SolutionGuid = {9EC51922-7E28-4C6A-870F-402B4E6FEC85}
	EndGlobalSection
EndGlobal
